// !$*UTF8*$!
{
	archiveVersion = 1;
	classes = {
	};
	objectVersion = 46;
	objects = {

/* Begin PBXBuildFile section */
		E62B1B951AA8249000673777 /* OcArsenal.framework in Frameworks */ = {isa = PBXBuildFile; fileRef = E62B1B891AA8249000673777 /* OcArsenal.framework */; };
		E62B1BAB1AA834B900673777 /* NSArray+Arsenal.h in Headers */ = {isa = PBXBuildFile; fileRef = E62B1BA91AA834B900673777 /* NSArray+Arsenal.h */; };
		E62B1BAC1AA834B900673777 /* NSArray+Arsenal.m in Sources */ = {isa = PBXBuildFile; fileRef = E62B1BAA1AA834B900673777 /* NSArray+Arsenal.m */; };
		E62B1BAF1AA8352700673777 /* NSDictionary+Arsenal.h in Headers */ = {isa = PBXBuildFile; fileRef = E62B1BAD1AA8352700673777 /* NSDictionary+Arsenal.h */; };
		E62B1BB01AA8352700673777 /* NSDictionary+Arsenal.m in Sources */ = {isa = PBXBuildFile; fileRef = E62B1BAE1AA8352700673777 /* NSDictionary+Arsenal.m */; };
		E655C5B11AAD4812008BA2BB /* OcArsenal.podspec in Resources */ = {isa = PBXBuildFile; fileRef = E655C5B01AAD4812008BA2BB /* OcArsenal.podspec */; };
		E6E01C461AAADCB800320210 /* NSData+Crypto.h in Headers */ = {isa = PBXBuildFile; fileRef = E6E01C421AAADCB800320210 /* NSData+Crypto.h */; };
		E6E01C471AAADCB800320210 /* NSData+Crypto.m in Sources */ = {isa = PBXBuildFile; fileRef = E6E01C431AAADCB800320210 /* NSData+Crypto.m */; };
		E6E01C481AAADCB800320210 /* NSString+Crypto.h in Headers */ = {isa = PBXBuildFile; fileRef = E6E01C441AAADCB800320210 /* NSString+Crypto.h */; };
		E6E01C491AAADCB800320210 /* NSString+Crypto.m in Sources */ = {isa = PBXBuildFile; fileRef = E6E01C451AAADCB800320210 /* NSString+Crypto.m */; };
		E6E01C4D1AAADE4000320210 /* NSDictionary_ArsenalTest.m in Sources */ = {isa = PBXBuildFile; fileRef = E6E01C4C1AAADE4000320210 /* NSDictionary_ArsenalTest.m */; };
		E6E01C4F1AAB00D200320210 /* NSArray+ArsenalTest.m in Sources */ = {isa = PBXBuildFile; fileRef = E6E01C4E1AAB00D200320210 /* NSArray+ArsenalTest.m */; };
/* End PBXBuildFile section */

/* Begin PBXContainerItemProxy section */
		E62B1B961AA8249000673777 /* PBXContainerItemProxy */ = {
			isa = PBXContainerItemProxy;
			containerPortal = E62B1B801AA8249000673777 /* Project object */;
			proxyType = 1;
			remoteGlobalIDString = E62B1B881AA8249000673777;
			remoteInfo = OcArsenal;
		};
/* End PBXContainerItemProxy section */

/* Begin PBXFileReference section */
		E62B1B891AA8249000673777 /* OcArsenal.framework */ = {isa = PBXFileReference; explicitFileType = wrapper.framework; includeInIndex = 0; path = OcArsenal.framework; sourceTree = BUILT_PRODUCTS_DIR; };
		E62B1B8D1AA8249000673777 /* Info.plist */ = {isa = PBXFileReference; lastKnownFileType = text.plist.xml; path = Info.plist; sourceTree = "<group>"; };
		E62B1B941AA8249000673777 /* OcArsenalTests.xctest */ = {isa = PBXFileReference; explicitFileType = wrapper.cfbundle; includeInIndex = 0; path = OcArsenalTests.xctest; sourceTree = BUILT_PRODUCTS_DIR; };
		E62B1B9A1AA8249000673777 /* Info.plist */ = {isa = PBXFileReference; lastKnownFileType = text.plist.xml; path = Info.plist; sourceTree = "<group>"; };
		E62B1BA91AA834B900673777 /* NSArray+Arsenal.h */ = {isa = PBXFileReference; fileEncoding = 4; lastKnownFileType = sourcecode.c.h; path = "NSArray+Arsenal.h"; sourceTree = "<group>"; };
		E62B1BAA1AA834B900673777 /* NSArray+Arsenal.m */ = {isa = PBXFileReference; fileEncoding = 4; lastKnownFileType = sourcecode.c.objc; path = "NSArray+Arsenal.m"; sourceTree = "<group>"; };
		E62B1BAD1AA8352700673777 /* NSDictionary+Arsenal.h */ = {isa = PBXFileReference; fileEncoding = 4; lastKnownFileType = sourcecode.c.h; path = "NSDictionary+Arsenal.h"; sourceTree = "<group>"; };
		E62B1BAE1AA8352700673777 /* NSDictionary+Arsenal.m */ = {isa = PBXFileReference; fileEncoding = 4; lastKnownFileType = sourcecode.c.objc; path = "NSDictionary+Arsenal.m"; sourceTree = "<group>"; };
		E655C5B01AAD4812008BA2BB /* OcArsenal.podspec */ = {isa = PBXFileReference; fileEncoding = 4; lastKnownFileType = text; name = OcArsenal.podspec; path = OcArsenal/OcArsenal.podspec; sourceTree = "<group>"; };
		E6E01C421AAADCB800320210 /* NSData+Crypto.h */ = {isa = PBXFileReference; fileEncoding = 4; lastKnownFileType = sourcecode.c.h; path = "NSData+Crypto.h"; sourceTree = "<group>"; };
		E6E01C431AAADCB800320210 /* NSData+Crypto.m */ = {isa = PBXFileReference; fileEncoding = 4; lastKnownFileType = sourcecode.c.objc; path = "NSData+Crypto.m"; sourceTree = "<group>"; };
		E6E01C441AAADCB800320210 /* NSString+Crypto.h */ = {isa = PBXFileReference; fileEncoding = 4; lastKnownFileType = sourcecode.c.h; path = "NSString+Crypto.h"; sourceTree = "<group>"; };
		E6E01C451AAADCB800320210 /* NSString+Crypto.m */ = {isa = PBXFileReference; fileEncoding = 4; lastKnownFileType = sourcecode.c.objc; path = "NSString+Crypto.m"; sourceTree = "<group>"; };
		E6E01C4C1AAADE4000320210 /* NSDictionary_ArsenalTest.m */ = {isa = PBXFileReference; fileEncoding = 4; lastKnownFileType = sourcecode.c.objc; path = NSDictionary_ArsenalTest.m; sourceTree = "<group>"; };
		E6E01C4E1AAB00D200320210 /* NSArray+ArsenalTest.m */ = {isa = PBXFileReference; fileEncoding = 4; lastKnownFileType = sourcecode.c.objc; path = "NSArray+ArsenalTest.m"; sourceTree = "<group>"; };
/* End PBXFileReference section */

/* Begin PBXFrameworksBuildPhase section */
		E62B1B851AA8249000673777 /* Frameworks */ = {
			isa = PBXFrameworksBuildPhase;
			buildActionMask = 2147483647;
			files = (
			);
			runOnlyForDeploymentPostprocessing = 0;
		};
		E62B1B911AA8249000673777 /* Frameworks */ = {
			isa = PBXFrameworksBuildPhase;
			buildActionMask = 2147483647;
			files = (
				E62B1B951AA8249000673777 /* OcArsenal.framework in Frameworks */,
			);
			runOnlyForDeploymentPostprocessing = 0;
		};
/* End PBXFrameworksBuildPhase section */

/* Begin PBXGroup section */
		E62B1B7F1AA8249000673777 = {
			isa = PBXGroup;
			children = (
				E655C5B21AAD481D008BA2BB /* Podspec */,
				E62B1B8B1AA8249000673777 /* OcArsenal */,
				E62B1B981AA8249000673777 /* OcArsenalTests */,
				E62B1B8A1AA8249000673777 /* Products */,
			);
			sourceTree = "<group>";
		};
		E62B1B8A1AA8249000673777 /* Products */ = {
			isa = PBXGroup;
			children = (
				E62B1B891AA8249000673777 /* OcArsenal.framework */,
				E62B1B941AA8249000673777 /* OcArsenalTests.xctest */,
			);
			name = Products;
			sourceTree = "<group>";
		};
		E62B1B8B1AA8249000673777 /* OcArsenal */ = {
			isa = PBXGroup;
			children = (
				E6E01C421AAADCB800320210 /* NSData+Crypto.h */,
				E6E01C431AAADCB800320210 /* NSData+Crypto.m */,
				E6E01C441AAADCB800320210 /* NSString+Crypto.h */,
				E6E01C451AAADCB800320210 /* NSString+Crypto.m */,
				E62B1BA91AA834B900673777 /* NSArray+Arsenal.h */,
				E62B1BAA1AA834B900673777 /* NSArray+Arsenal.m */,
				E62B1BAD1AA8352700673777 /* NSDictionary+Arsenal.h */,
				E62B1BAE1AA8352700673777 /* NSDictionary+Arsenal.m */,
				E62B1B8C1AA8249000673777 /* Supporting Files */,
			);
			path = OcArsenal;
			sourceTree = "<group>";
		};
		E62B1B8C1AA8249000673777 /* Supporting Files */ = {
			isa = PBXGroup;
			children = (
				E62B1B8D1AA8249000673777 /* Info.plist */,
			);
			name = "Supporting Files";
			sourceTree = "<group>";
		};
		E62B1B981AA8249000673777 /* OcArsenalTests */ = {
			isa = PBXGroup;
			children = (
				E6E01C4E1AAB00D200320210 /* NSArray+ArsenalTest.m */,
				E6E01C4C1AAADE4000320210 /* NSDictionary_ArsenalTest.m */,
				E62B1B991AA8249000673777 /* Supporting Files */,
			);
			path = OcArsenalTests;
			sourceTree = "<group>";
		};
		E62B1B991AA8249000673777 /* Supporting Files */ = {
			isa = PBXGroup;
			children = (
				E62B1B9A1AA8249000673777 /* Info.plist */,
			);
			name = "Supporting Files";
			sourceTree = "<group>";
		};
		E655C5B21AAD481D008BA2BB /* Podspec */ = {
			isa = PBXGroup;
			children = (
				E655C5B01AAD4812008BA2BB /* OcArsenal.podspec */,
			);
			name = Podspec;
			sourceTree = "<group>";
		};
/* End PBXGroup section */

/* Begin PBXHeadersBuildPhase section */
		E62B1B861AA8249000673777 /* Headers */ = {
			isa = PBXHeadersBuildPhase;
			buildActionMask = 2147483647;
			files = (
				E62B1BAF1AA8352700673777 /* NSDictionary+Arsenal.h in Headers */,
				E6E01C461AAADCB800320210 /* NSData+Crypto.h in Headers */,
				E62B1BAB1AA834B900673777 /* NSArray+Arsenal.h in Headers */,
				E6E01C481AAADCB800320210 /* NSString+Crypto.h in Headers */,
			);
			runOnlyForDeploymentPostprocessing = 0;
		};
/* End PBXHeadersBuildPhase section */

/* Begin PBXNativeTarget section */
		E62B1B881AA8249000673777 /* OcArsenal */ = {
			isa = PBXNativeTarget;
			buildConfigurationList = E62B1B9F1AA8249000673777 /* Build configuration list for PBXNativeTarget "OcArsenal" */;
			buildPhases = (
				E62B1B841AA8249000673777 /* Sources */,
				E62B1B851AA8249000673777 /* Frameworks */,
				E62B1B861AA8249000673777 /* Headers */,
				E62B1B871AA8249000673777 /* Resources */,
			);
			buildRules = (
			);
			dependencies = (
			);
			name = OcArsenal;
			productName = OcArsenal;
			productReference = E62B1B891AA8249000673777 /* OcArsenal.framework */;
			productType = "com.apple.product-type.framework";
		};
		E62B1B931AA8249000673777 /* OcArsenalTests */ = {
			isa = PBXNativeTarget;
			buildConfigurationList = E62B1BA21AA8249000673777 /* Build configuration list for PBXNativeTarget "OcArsenalTests" */;
			buildPhases = (
				E62B1B901AA8249000673777 /* Sources */,
				E62B1B911AA8249000673777 /* Frameworks */,
				E62B1B921AA8249000673777 /* Resources */,
			);
			buildRules = (
			);
			dependencies = (
				E62B1B971AA8249000673777 /* PBXTargetDependency */,
			);
			name = OcArsenalTests;
			productName = OcArsenalTests;
			productReference = E62B1B941AA8249000673777 /* OcArsenalTests.xctest */;
			productType = "com.apple.product-type.bundle.unit-test";
		};
/* End PBXNativeTarget section */

/* Begin PBXProject section */
		E62B1B801AA8249000673777 /* Project object */ = {
			isa = PBXProject;
			attributes = {
				LastUpgradeCheck = 0610;
				ORGANIZATIONNAME = cailu;
				TargetAttributes = {
					E62B1B881AA8249000673777 = {
						CreatedOnToolsVersion = 6.1.1;
					};
					E62B1B931AA8249000673777 = {
						CreatedOnToolsVersion = 6.1.1;
					};
				};
			};
			buildConfigurationList = E62B1B831AA8249000673777 /* Build configuration list for PBXProject "OcArsenal" */;
			compatibilityVersion = "Xcode 3.2";
			developmentRegion = English;
			hasScannedForEncodings = 0;
			knownRegions = (
				en,
			);
			mainGroup = E62B1B7F1AA8249000673777;
			productRefGroup = E62B1B8A1AA8249000673777 /* Products */;
			projectDirPath = "";
			projectRoot = "";
			targets = (
				E62B1B881AA8249000673777 /* OcArsenal */,
				E62B1B931AA8249000673777 /* OcArsenalTests */,
			);
		};
/* End PBXProject section */

/* Begin PBXResourcesBuildPhase section */
		E62B1B871AA8249000673777 /* Resources */ = {
			isa = PBXResourcesBuildPhase;
			buildActionMask = 2147483647;
			files = (
				E655C5B11AAD4812008BA2BB /* OcArsenal.podspec in Resources */,
			);
			runOnlyForDeploymentPostprocessing = 0;
		};
		E62B1B921AA8249000673777 /* Resources */ = {
			isa = PBXResourcesBuildPhase;
			buildActionMask = 2147483647;
			files = (
			);
			runOnlyForDeploymentPostprocessing = 0;
		};
/* End PBXResourcesBuildPhase section */

/* Begin PBXSourcesBuildPhase section */
		E62B1B841AA8249000673777 /* Sources */ = {
			isa = PBXSourcesBuildPhase;
			buildActionMask = 2147483647;
			files = (
				E6E01C491AAADCB800320210 /* NSString+Crypto.m in Sources */,
				E62B1BB01AA8352700673777 /* NSDictionary+Arsenal.m in Sources */,
				E6E01C471AAADCB800320210 /* NSData+Crypto.m in Sources */,
				E62B1BAC1AA834B900673777 /* NSArray+Arsenal.m in Sources */,
			);
			runOnlyForDeploymentPostprocessing = 0;
		};
		E62B1B901AA8249000673777 /* Sources */ = {
			isa = PBXSourcesBuildPhase;
			buildActionMask = 2147483647;
			files = (
				E6E01C4D1AAADE4000320210 /* NSDictionary_ArsenalTest.m in Sources */,
				E6E01C4F1AAB00D200320210 /* NSArray+ArsenalTest.m in Sources */,
			);
			runOnlyForDeploymentPostprocessing = 0;
		};
/* End PBXSourcesBuildPhase section */

/* Begin PBXTargetDependency section */
		E62B1B971AA8249000673777 /* PBXTargetDependency */ = {
			isa = PBXTargetDependency;
			target = E62B1B881AA8249000673777 /* OcArsenal */;
			targetProxy = E62B1B961AA8249000673777 /* PBXContainerItemProxy */;
		};
/* End PBXTargetDependency section */

/* Begin XCBuildConfiguration section */
		E62B1B9D1AA8249000673777 /* Debug */ = {
			isa = XCBuildConfiguration;
			buildSettings = {
				ALWAYS_SEARCH_USER_PATHS = NO;
				CLANG_CXX_LANGUAGE_STANDARD = "gnu++0x";
				CLANG_CXX_LIBRARY = "libc++";
				CLANG_ENABLE_MODULES = YES;
				CLANG_ENABLE_OBJC_ARC = YES;
				CLANG_WARN_BOOL_CONVERSION = YES;
				CLANG_WARN_CONSTANT_CONVERSION = YES;
				CLANG_WARN_DIRECT_OBJC_ISA_USAGE = YES_ERROR;
				CLANG_WARN_EMPTY_BODY = YES;
				CLANG_WARN_ENUM_CONVERSION = YES;
				CLANG_WARN_INT_CONVERSION = YES;
				CLANG_WARN_OBJC_ROOT_CLASS = YES_ERROR;
				CLANG_WARN_UNREACHABLE_CODE = YES;
				CLANG_WARN__DUPLICATE_METHOD_MATCH = YES;
				"CODE_SIGN_IDENTITY[sdk=iphoneos*]" = "iPhone Developer";
				COPY_PHASE_STRIP = NO;
				CURRENT_PROJECT_VERSION = 1;
				ENABLE_STRICT_OBJC_MSGSEND = YES;
				GCC_C_LANGUAGE_STANDARD = gnu99;
				GCC_DYNAMIC_NO_PIC = NO;
				GCC_OPTIMIZATION_LEVEL = 0;
				GCC_PREPROCESSOR_DEFINITIONS = (
					"DEBUG=1",
					"$(inherited)",
				);
				GCC_SYMBOLS_PRIVATE_EXTERN = NO;
				GCC_WARN_64_TO_32_BIT_CONVERSION = YES;
				GCC_WARN_ABOUT_RETURN_TYPE = YES_ERROR;
				GCC_WARN_UNDECLARED_SELECTOR = YES;
				GCC_WARN_UNINITIALIZED_AUTOS = YES_AGGRESSIVE;
				GCC_WARN_UNUSED_FUNCTION = YES;
				GCC_WARN_UNUSED_VARIABLE = YES;
				IPHONEOS_DEPLOYMENT_TARGET = 8.1;
				MTL_ENABLE_DEBUG_INFO = YES;
				ONLY_ACTIVE_ARCH = YES;
				SDKROOT = iphoneos;
				TARGETED_DEVICE_FAMILY = "1,2";
				VERSIONING_SYSTEM = "apple-generic";
				VERSION_INFO_PREFIX = "";
			};
			name = Debug;
		};
		E62B1B9E1AA8249000673777 /* Release */ = {
			isa = XCBuildConfiguration;
			buildSettings = {
				ALWAYS_SEARCH_USER_PATHS = NO;
				CLANG_CXX_LANGUAGE_STANDARD = "gnu++0x";
				CLANG_CXX_LIBRARY = "libc++";
				CLANG_ENABLE_MODULES = YES;
				CLANG_ENABLE_OBJC_ARC = YES;
				CLANG_WARN_BOOL_CONVERSION = YES;
				CLANG_WARN_CONSTANT_CONVERSION = YES;
				CLANG_WARN_DIRECT_OBJC_ISA_USAGE = YES_ERROR;
				CLANG_WARN_EMPTY_BODY = YES;
				CLANG_WARN_ENUM_CONVERSION = YES;
				CLANG_WARN_INT_CONVERSION = YES;
				CLANG_WARN_OBJC_ROOT_CLASS = YES_ERROR;
				CLANG_WARN_UNREACHABLE_CODE = YES;
				CLANG_WARN__DUPLICATE_METHOD_MATCH = YES;
				"CODE_SIGN_IDENTITY[sdk=iphoneos*]" = "iPhone Developer";
				COPY_PHASE_STRIP = YES;
				CURRENT_PROJECT_VERSION = 1;
				ENABLE_NS_ASSERTIONS = NO;
				ENABLE_STRICT_OBJC_MSGSEND = YES;
				GCC_C_LANGUAGE_STANDARD = gnu99;
				GCC_WARN_64_TO_32_BIT_CONVERSION = YES;
				GCC_WARN_ABOUT_RETURN_TYPE = YES_ERROR;
				GCC_WARN_UNDECLARED_SELECTOR = YES;
				GCC_WARN_UNINITIALIZED_AUTOS = YES_AGGRESSIVE;
				GCC_WARN_UNUSED_FUNCTION = YES;
				GCC_WARN_UNUSED_VARIABLE = YES;
				IPHONEOS_DEPLOYMENT_TARGET = 8.1;
				MTL_ENABLE_DEBUG_INFO = NO;
				SDKROOT = iphoneos;
				TARGETED_DEVICE_FAMILY = "1,2";
				VALIDATE_PRODUCT = YES;
				VERSIONING_SYSTEM = "apple-generic";
				VERSION_INFO_PREFIX = "";
			};
			name = Release;
		};
		E62B1BA01AA8249000673777 /* Debug */ = {
			isa = XCBuildConfiguration;
			buildSettings = {
				CODE_SIGN_IDENTITY = "iPhone Developer";
				DEFINES_MODULE = YES;
				DYLIB_COMPATIBILITY_VERSION = 1;
				DYLIB_CURRENT_VERSION = 1;
				DYLIB_INSTALL_NAME_BASE = "@rpath";
				INFOPLIST_FILE = OcArsenal/Info.plist;
				INSTALL_PATH = "$(LOCAL_LIBRARY_DIR)/Frameworks";
				LD_RUNPATH_SEARCH_PATHS = "$(inherited) @executable_path/Frameworks @loader_path/Frameworks";
				PRODUCT_NAME = "$(TARGET_NAME)";
				SKIP_INSTALL = YES;
			};
			name = Debug;
		};
		E62B1BA11AA8249000673777 /* Release */ = {
			isa = XCBuildConfiguration;
			buildSettings = {
				CODE_SIGN_IDENTITY = "iPhone Developer";
				DEFINES_MODULE = YES;
				DYLIB_COMPATIBILITY_VERSION = 1;
				DYLIB_CURRENT_VERSION = 1;
				DYLIB_INSTALL_NAME_BASE = "@rpath";
				INFOPLIST_FILE = OcArsenal/Info.plist;
				INSTALL_PATH = "$(LOCAL_LIBRARY_DIR)/Frameworks";
				LD_RUNPATH_SEARCH_PATHS = "$(inherited) @executable_path/Frameworks @loader_path/Frameworks";
				PRODUCT_NAME = "$(TARGET_NAME)";
				SKIP_INSTALL = YES;
			};
			name = Release;
		};
		E62B1BA31AA8249000673777 /* Debug */ = {
			isa = XCBuildConfiguration;
			buildSettings = {
				FRAMEWORK_SEARCH_PATHS = (
					"$(SDKROOT)/Developer/Library/Frameworks",
					"$(inherited)",
				);
				GCC_PREPROCESSOR_DEFINITIONS = (
					"DEBUG=1",
					"$(inherited)",
				);
				INFOPLIST_FILE = OcArsenalTests/Info.plist;
				LD_RUNPATH_SEARCH_PATHS = "$(inherited) @executable_path/Frameworks @loader_path/Frameworks";
				PRODUCT_NAME = "$(TARGET_NAME)";
			};
			name = Debug;
		};
		E62B1BA41AA8249000673777 /* Release */ = {
			isa = XCBuildConfiguration;
			buildSettings = {
				FRAMEWORK_SEARCH_PATHS = (
					"$(SDKROOT)/Developer/Library/Frameworks",
					"$(inherited)",
				);
				INFOPLIST_FILE = OcArsenalTests/Info.plist;
				LD_RUNPATH_SEARCH_PATHS = "$(inherited) @executable_path/Frameworks @loader_path/Frameworks";
				PRODUCT_NAME = "$(TARGET_NAME)";
			};
			name = Release;
		};
/* End XCBuildConfiguration section */

/* Begin XCConfigurationList section */
		E62B1B831AA8249000673777 /* Build configuration list for PBXProject "OcArsenal" */ = {
			isa = XCConfigurationList;
			buildConfigurations = (
				E62B1B9D1AA8249000673777 /* Debug */,
				E62B1B9E1AA8249000673777 /* Release */,
			);
			defaultConfigurationIsVisible = 0;
			defaultConfigurationName = Release;
		};
		E62B1B9F1AA8249000673777 /* Build configuration list for PBXNativeTarget "OcArsenal" */ = {
			isa = XCConfigurationList;
			buildConfigurations = (
				E62B1BA01AA8249000673777 /* Debug */,
				E62B1BA11AA8249000673777 /* Release */,
			);
			defaultConfigurationIsVisible = 0;
			defaultConfigurationName = Release;
		};
		E62B1BA21AA8249000673777 /* Build configuration list for PBXNativeTarget "OcArsenalTests" */ = {
			isa = XCConfigurationList;
			buildConfigurations = (
				E62B1BA31AA8249000673777 /* Debug */,
				E62B1BA41AA8249000673777 /* Release */,
			);
			defaultConfigurationIsVisible = 0;
			defaultConfigurationName = Release;
		};
/* End XCConfigurationList section */
	};
	rootObject = E62B1B801AA8249000673777 /* Project object */;
}
